// !$*UTF8*$!
{
	archiveVersion = 1;
	classes = {
	};
	objectVersion = 46;
	objects = {

/* Begin PBXBuildFile section */
		0E2DFC361C604E9200644A7B /* Int+HRSwift.swift in Sources */ = {isa = PBXBuildFile; fileRef = 0E2DFC351C604E9200644A7B /* Int+HRSwift.swift */; };
		0E3C7E381D542BB200D6550A /* 337_HouseRobberIII.swift in Sources */ = {isa = PBXBuildFile; fileRef = 0E3C7E371D542BB200D6550A /* 337_HouseRobberIII.swift */; };
		0E3C7E3A1D54431100D6550A /* 102_BinaryTreeLevelOrderTraversal.swift in Sources */ = {isa = PBXBuildFile; fileRef = 0E3C7E391D54431100D6550A /* 102_BinaryTreeLevelOrderTraversal.swift */; };
		0E5112D61CCC6C2500948DC0 /* Helper.swift in Sources */ = {isa = PBXBuildFile; fileRef = 0E5112D31CCC6C2500948DC0 /* Helper.swift */; };
		0E5112D71CCC6C2500948DC0 /* Search.swift in Sources */ = {isa = PBXBuildFile; fileRef = 0E5112D41CCC6C2500948DC0 /* Search.swift */; };
		0E5112D81CCC6C2500948DC0 /* ThirtyDaysOfCodeChallenges.swift in Sources */ = {isa = PBXBuildFile; fileRef = 0E5112D51CCC6C2500948DC0 /* ThirtyDaysOfCodeChallenges.swift */; };
		0E54009D1D5419340095128B /* LeetCodeKit.swift in Sources */ = {isa = PBXBuildFile; fileRef = 0E54009C1D5419340095128B /* LeetCodeKit.swift */; };
		0E55254E1CD525A000942AD2 /* missnumberinput.txt in Resources */ = {isa = PBXBuildFile; fileRef = 0E55254D1CD525A000942AD2 /* missnumberinput.txt */; };
		0E5525501CD5280800942AD2 /* misstest1.txt in Resources */ = {isa = PBXBuildFile; fileRef = 0E55254F1CD5280800942AD2 /* misstest1.txt */; };
		0E57418B1C001FAF004EB0FA /* AppDelegate.swift in Sources */ = {isa = PBXBuildFile; fileRef = 0E57418A1C001FAF004EB0FA /* AppDelegate.swift */; };
		0E57418D1C001FAF004EB0FA /* ViewController.swift in Sources */ = {isa = PBXBuildFile; fileRef = 0E57418C1C001FAF004EB0FA /* ViewController.swift */; };
		0E5741901C001FAF004EB0FA /* Main.storyboard in Resources */ = {isa = PBXBuildFile; fileRef = 0E57418E1C001FAF004EB0FA /* Main.storyboard */; };
		0E5741921C001FAF004EB0FA /* Assets.xcassets in Resources */ = {isa = PBXBuildFile; fileRef = 0E5741911C001FAF004EB0FA /* Assets.xcassets */; };
		0E5741951C001FAF004EB0FA /* LaunchScreen.storyboard in Resources */ = {isa = PBXBuildFile; fileRef = 0E5741931C001FAF004EB0FA /* LaunchScreen.storyboard */; };
		0E5741A01C001FAF004EB0FA /* HRSwiftTests.swift in Sources */ = {isa = PBXBuildFile; fileRef = 0E57419F1C001FAF004EB0FA /* HRSwiftTests.swift */; };
		0E5741AB1C001FAF004EB0FA /* HRSwiftUITests.swift in Sources */ = {isa = PBXBuildFile; fileRef = 0E5741AA1C001FAF004EB0FA /* HRSwiftUITests.swift */; };
		0E6F18021CCCA49F00FDE043 /* input10.txt in Resources */ = {isa = PBXBuildFile; fileRef = 0E6F18001CCCA49F00FDE043 /* input10.txt */; };
		0E6F18031CCCA49F00FDE043 /* output10.txt in Resources */ = {isa = PBXBuildFile; fileRef = 0E6F18011CCCA49F00FDE043 /* output10.txt */; };
		0E91413F1D5596D600C4CEFC /* 110_BalancedBinaryTree.swift in Sources */ = {isa = PBXBuildFile; fileRef = 0E91413E1D5596D600C4CEFC /* 110_BalancedBinaryTree.swift */; };
		0E9AC3521C65B0B0001DE1B6 /* GoogleInterviewQuestions.swift in Sources */ = {isa = PBXBuildFile; fileRef = 0E9AC3511C65B0B0001DE1B6 /* GoogleInterviewQuestions.swift */; };
		0ED7FD561D52C51300EF082B /* 111_MinimumDepthOfBinaryTree.swift in Sources */ = {isa = PBXBuildFile; fileRef = 0ED7FD551D52C51300EF082B /* 111_MinimumDepthOfBinaryTree.swift */; };
		0ED7FD581D52E41400EF082B /* 104_MaximumDepthOfBinaryTree.swift in Sources */ = {isa = PBXBuildFile; fileRef = 0ED7FD571D52E41400EF082B /* 104_MaximumDepthOfBinaryTree.swift */; };
		0EE20BA21D51910500455550 /* 100_SameTree.swift in Sources */ = {isa = PBXBuildFile; fileRef = 0EE20BA11D51910500455550 /* 100_SameTree.swift */; };
		0EE20BA41D51AA5800455550 /* 226_InvertBinaryTree.swift in Sources */ = {isa = PBXBuildFile; fileRef = 0EE20BA31D51AA5800455550 /* 226_InvertBinaryTree.swift */; };
		0EEDD4C41C3F635A00F94031 /* DynamicProgramming.swift in Sources */ = {isa = PBXBuildFile; fileRef = 0EEDD4BE1C3F635A00F94031 /* DynamicProgramming.swift */; };
		0EEDD4C51C3F635A00F94031 /* HackerRankKit.swift in Sources */ = {isa = PBXBuildFile; fileRef = 0EEDD4BF1C3F635A00F94031 /* HackerRankKit.swift */; };
		0EEDD4C61C3F635A00F94031 /* Implementation.swift in Sources */ = {isa = PBXBuildFile; fileRef = 0EEDD4C01C3F635A00F94031 /* Implementation.swift */; };
		0EEDD4C71C3F635A00F94031 /* IndeedPrime.swift in Sources */ = {isa = PBXBuildFile; fileRef = 0EEDD4C11C3F635A00F94031 /* IndeedPrime.swift */; };
		0EEDD4C81C3F635A00F94031 /* Strings.swift in Sources */ = {isa = PBXBuildFile; fileRef = 0EEDD4C21C3F635A00F94031 /* Strings.swift */; };
		0EEDD4C91C3F635A00F94031 /* ZenefitsContest.swift in Sources */ = {isa = PBXBuildFile; fileRef = 0EEDD4C31C3F635A00F94031 /* ZenefitsContest.swift */; };
/* End PBXBuildFile section */

/* Begin PBXContainerItemProxy section */
		0E57419C1C001FAF004EB0FA /* PBXContainerItemProxy */ = {
			isa = PBXContainerItemProxy;
			containerPortal = 0E57417F1C001FAF004EB0FA /* Project object */;
			proxyType = 1;
			remoteGlobalIDString = 0E5741861C001FAF004EB0FA;
			remoteInfo = HRSwift;
		};
		0E5741A71C001FAF004EB0FA /* PBXContainerItemProxy */ = {
			isa = PBXContainerItemProxy;
			containerPortal = 0E57417F1C001FAF004EB0FA /* Project object */;
			proxyType = 1;
			remoteGlobalIDString = 0E5741861C001FAF004EB0FA;
			remoteInfo = HRSwift;
		};
/* End PBXContainerItemProxy section */

/* Begin PBXFileReference section */
		0E2DFC351C604E9200644A7B /* Int+HRSwift.swift */ = {isa = PBXFileReference; fileEncoding = 4; lastKnownFileType = sourcecode.swift; name = "Int+HRSwift.swift"; path = "Sources/Int+HRSwift.swift"; sourceTree = "<group>"; };
		0E3C7E371D542BB200D6550A /* 337_HouseRobberIII.swift */ = {isa = PBXFileReference; fileEncoding = 4; lastKnownFileType = sourcecode.swift; path = 337_HouseRobberIII.swift; sourceTree = "<group>"; };
		0E3C7E391D54431100D6550A /* 102_BinaryTreeLevelOrderTraversal.swift */ = {isa = PBXFileReference; fileEncoding = 4; lastKnownFileType = sourcecode.swift; path = 102_BinaryTreeLevelOrderTraversal.swift; sourceTree = "<group>"; };
		0E5112D31CCC6C2500948DC0 /* Helper.swift */ = {isa = PBXFileReference; fileEncoding = 4; lastKnownFileType = sourcecode.swift; name = Helper.swift; path = Sources/Helper.swift; sourceTree = "<group>"; };
		0E5112D41CCC6C2500948DC0 /* Search.swift */ = {isa = PBXFileReference; fileEncoding = 4; lastKnownFileType = sourcecode.swift; name = Search.swift; path = Sources/Search.swift; sourceTree = "<group>"; };
		0E5112D51CCC6C2500948DC0 /* ThirtyDaysOfCodeChallenges.swift */ = {isa = PBXFileReference; fileEncoding = 4; lastKnownFileType = sourcecode.swift; name = ThirtyDaysOfCodeChallenges.swift; path = Sources/ThirtyDaysOfCodeChallenges.swift; sourceTree = "<group>"; };
		0E54009C1D5419340095128B /* LeetCodeKit.swift */ = {isa = PBXFileReference; fileEncoding = 4; lastKnownFileType = sourcecode.swift; path = LeetCodeKit.swift; sourceTree = "<group>"; };
		0E55254D1CD525A000942AD2 /* missnumberinput.txt */ = {isa = PBXFileReference; fileEncoding = 4; lastKnownFileType = text; path = missnumberinput.txt; sourceTree = "<group>"; };
		0E55254F1CD5280800942AD2 /* misstest1.txt */ = {isa = PBXFileReference; fileEncoding = 4; lastKnownFileType = text; path = misstest1.txt; sourceTree = "<group>"; };
		0E5741871C001FAF004EB0FA /* HRSwift.app */ = {isa = PBXFileReference; explicitFileType = wrapper.application; includeInIndex = 0; path = HRSwift.app; sourceTree = BUILT_PRODUCTS_DIR; };
		0E57418A1C001FAF004EB0FA /* AppDelegate.swift */ = {isa = PBXFileReference; lastKnownFileType = sourcecode.swift; path = AppDelegate.swift; sourceTree = "<group>"; };
		0E57418C1C001FAF004EB0FA /* ViewController.swift */ = {isa = PBXFileReference; lastKnownFileType = sourcecode.swift; path = ViewController.swift; sourceTree = "<group>"; };
		0E57418F1C001FAF004EB0FA /* Base */ = {isa = PBXFileReference; lastKnownFileType = file.storyboard; name = Base; path = Base.lproj/Main.storyboard; sourceTree = "<group>"; };
		0E5741911C001FAF004EB0FA /* Assets.xcassets */ = {isa = PBXFileReference; lastKnownFileType = folder.assetcatalog; path = Assets.xcassets; sourceTree = "<group>"; };
		0E5741941C001FAF004EB0FA /* Base */ = {isa = PBXFileReference; lastKnownFileType = file.storyboard; name = Base; path = Base.lproj/LaunchScreen.storyboard; sourceTree = "<group>"; };
		0E5741961C001FAF004EB0FA /* Info.plist */ = {isa = PBXFileReference; lastKnownFileType = text.plist.xml; path = Info.plist; sourceTree = "<group>"; };
		0E57419B1C001FAF004EB0FA /* HRSwiftTests.xctest */ = {isa = PBXFileReference; explicitFileType = wrapper.cfbundle; includeInIndex = 0; path = HRSwiftTests.xctest; sourceTree = BUILT_PRODUCTS_DIR; };
		0E57419F1C001FAF004EB0FA /* HRSwiftTests.swift */ = {isa = PBXFileReference; lastKnownFileType = sourcecode.swift; path = HRSwiftTests.swift; sourceTree = "<group>"; };
		0E5741A11C001FAF004EB0FA /* Info.plist */ = {isa = PBXFileReference; lastKnownFileType = text.plist.xml; path = Info.plist; sourceTree = "<group>"; };
		0E5741A61C001FAF004EB0FA /* HRSwiftUITests.xctest */ = {isa = PBXFileReference; explicitFileType = wrapper.cfbundle; includeInIndex = 0; path = HRSwiftUITests.xctest; sourceTree = BUILT_PRODUCTS_DIR; };
		0E5741AA1C001FAF004EB0FA /* HRSwiftUITests.swift */ = {isa = PBXFileReference; lastKnownFileType = sourcecode.swift; path = HRSwiftUITests.swift; sourceTree = "<group>"; };
		0E5741AC1C001FAF004EB0FA /* Info.plist */ = {isa = PBXFileReference; lastKnownFileType = text.plist.xml; path = Info.plist; sourceTree = "<group>"; };
		0E6F18001CCCA49F00FDE043 /* input10.txt */ = {isa = PBXFileReference; fileEncoding = 4; lastKnownFileType = text; path = input10.txt; sourceTree = "<group>"; };
		0E6F18011CCCA49F00FDE043 /* output10.txt */ = {isa = PBXFileReference; fileEncoding = 4; lastKnownFileType = text; path = output10.txt; sourceTree = "<group>"; };
		0E91413E1D5596D600C4CEFC /* 110_BalancedBinaryTree.swift */ = {isa = PBXFileReference; fileEncoding = 4; lastKnownFileType = sourcecode.swift; path = 110_BalancedBinaryTree.swift; sourceTree = "<group>"; };
		0E9AC3511C65B0B0001DE1B6 /* GoogleInterviewQuestions.swift */ = {isa = PBXFileReference; fileEncoding = 4; lastKnownFileType = sourcecode.swift; path = GoogleInterviewQuestions.swift; sourceTree = "<group>"; };
		0ED7FD551D52C51300EF082B /* 111_MinimumDepthOfBinaryTree.swift */ = {isa = PBXFileReference; fileEncoding = 4; lastKnownFileType = sourcecode.swift; path = 111_MinimumDepthOfBinaryTree.swift; sourceTree = "<group>"; };
		0ED7FD571D52E41400EF082B /* 104_MaximumDepthOfBinaryTree.swift */ = {isa = PBXFileReference; fileEncoding = 4; lastKnownFileType = sourcecode.swift; path = 104_MaximumDepthOfBinaryTree.swift; sourceTree = "<group>"; };
		0EE20BA11D51910500455550 /* 100_SameTree.swift */ = {isa = PBXFileReference; fileEncoding = 4; lastKnownFileType = sourcecode.swift; path = 100_SameTree.swift; sourceTree = "<group>"; };
		0EE20BA31D51AA5800455550 /* 226_InvertBinaryTree.swift */ = {isa = PBXFileReference; fileEncoding = 4; lastKnownFileType = sourcecode.swift; path = 226_InvertBinaryTree.swift; sourceTree = "<group>"; };
		0EEDD4BE1C3F635A00F94031 /* DynamicProgramming.swift */ = {isa = PBXFileReference; fileEncoding = 4; lastKnownFileType = sourcecode.swift; name = DynamicProgramming.swift; path = Sources/DynamicProgramming.swift; sourceTree = "<group>"; };
		0EEDD4BF1C3F635A00F94031 /* HackerRankKit.swift */ = {isa = PBXFileReference; fileEncoding = 4; lastKnownFileType = sourcecode.swift; name = HackerRankKit.swift; path = Sources/HackerRankKit.swift; sourceTree = "<group>"; };
		0EEDD4C01C3F635A00F94031 /* Implementation.swift */ = {isa = PBXFileReference; fileEncoding = 4; lastKnownFileType = sourcecode.swift; name = Implementation.swift; path = Sources/Implementation.swift; sourceTree = "<group>"; };
		0EEDD4C11C3F635A00F94031 /* IndeedPrime.swift */ = {isa = PBXFileReference; fileEncoding = 4; lastKnownFileType = sourcecode.swift; name = IndeedPrime.swift; path = Sources/IndeedPrime.swift; sourceTree = "<group>"; };
		0EEDD4C21C3F635A00F94031 /* Strings.swift */ = {isa = PBXFileReference; fileEncoding = 4; lastKnownFileType = sourcecode.swift; name = Strings.swift; path = Sources/Strings.swift; sourceTree = "<group>"; };
		0EEDD4C31C3F635A00F94031 /* ZenefitsContest.swift */ = {isa = PBXFileReference; fileEncoding = 4; lastKnownFileType = sourcecode.swift; name = ZenefitsContest.swift; path = Sources/ZenefitsContest.swift; sourceTree = "<group>"; };
/* End PBXFileReference section */

/* Begin PBXFrameworksBuildPhase section */
		0E5741841C001FAF004EB0FA /* Frameworks */ = {
			isa = PBXFrameworksBuildPhase;
			buildActionMask = 2147483647;
			files = (
			);
			runOnlyForDeploymentPostprocessing = 0;
		};
		0E5741981C001FAF004EB0FA /* Frameworks */ = {
			isa = PBXFrameworksBuildPhase;
			buildActionMask = 2147483647;
			files = (
			);
			runOnlyForDeploymentPostprocessing = 0;
		};
		0E5741A31C001FAF004EB0FA /* Frameworks */ = {
			isa = PBXFrameworksBuildPhase;
			buildActionMask = 2147483647;
			files = (
			);
			runOnlyForDeploymentPostprocessing = 0;
		};
/* End PBXFrameworksBuildPhase section */

/* Begin PBXGroup section */
		0E57417E1C001FAF004EB0FA = {
			isa = PBXGroup;
			children = (
				0EEDD4BD1C3F634500F94031 /* Sources */,
				0E5741891C001FAF004EB0FA /* HRSwift */,
				0E57419E1C001FAF004EB0FA /* HRSwiftTests */,
				0E5741A91C001FAF004EB0FA /* HRSwiftUITests */,
				0E5741881C001FAF004EB0FA /* Products */,
			);
			sourceTree = "<group>";
		};
		0E5741881C001FAF004EB0FA /* Products */ = {
			isa = PBXGroup;
			children = (
				0E5741871C001FAF004EB0FA /* HRSwift.app */,
				0E57419B1C001FAF004EB0FA /* HRSwiftTests.xctest */,
				0E5741A61C001FAF004EB0FA /* HRSwiftUITests.xctest */,
			);
			name = Products;
			sourceTree = "<group>";
		};
		0E5741891C001FAF004EB0FA /* HRSwift */ = {
			isa = PBXGroup;
			children = (
				0E6F17FE1CCCA49F00FDE043 /* TestFile */,
				0E57418A1C001FAF004EB0FA /* AppDelegate.swift */,
				0E57418C1C001FAF004EB0FA /* ViewController.swift */,
				0E9AC3511C65B0B0001DE1B6 /* GoogleInterviewQuestions.swift */,
				0E57418E1C001FAF004EB0FA /* Main.storyboard */,
				0E5741911C001FAF004EB0FA /* Assets.xcassets */,
				0E5741931C001FAF004EB0FA /* LaunchScreen.storyboard */,
				0E5741961C001FAF004EB0FA /* Info.plist */,
			);
			path = HRSwift;
			sourceTree = "<group>";
		};
		0E57419E1C001FAF004EB0FA /* HRSwiftTests */ = {
			isa = PBXGroup;
			children = (
				0E57419F1C001FAF004EB0FA /* HRSwiftTests.swift */,
				0E5741A11C001FAF004EB0FA /* Info.plist */,
			);
			path = HRSwiftTests;
			sourceTree = "<group>";
		};
		0E5741A91C001FAF004EB0FA /* HRSwiftUITests */ = {
			isa = PBXGroup;
			children = (
				0E5741AA1C001FAF004EB0FA /* HRSwiftUITests.swift */,
				0E5741AC1C001FAF004EB0FA /* Info.plist */,
			);
			path = HRSwiftUITests;
			sourceTree = "<group>";
		};
		0E6F17FE1CCCA49F00FDE043 /* TestFile */ = {
			isa = PBXGroup;
			children = (
				0E6F17FF1CCCA49F00FDE043 /* MaximiseSum */,
			);
			path = TestFile;
			sourceTree = "<group>";
		};
		0E6F17FF1CCCA49F00FDE043 /* MaximiseSum */ = {
			isa = PBXGroup;
			children = (
				0E55254D1CD525A000942AD2 /* missnumberinput.txt */,
				0E55254F1CD5280800942AD2 /* misstest1.txt */,
				0E6F18001CCCA49F00FDE043 /* input10.txt */,
				0E6F18011CCCA49F00FDE043 /* output10.txt */,
			);
			path = MaximiseSum;
			sourceTree = "<group>";
		};
		0EE20B9F1D51908A00455550 /* Leetcode */ = {
			isa = PBXGroup;
			children = (
				0E54009C1D5419340095128B /* LeetCodeKit.swift */,
				0EE20BA01D5190AD00455550 /* Tree */,
			);
			name = Leetcode;
			path = Sources/Leetcode;
			sourceTree = "<group>";
		};
		0EE20BA01D5190AD00455550 /* Tree */ = {
			isa = PBXGroup;
			children = (
				0EE20BA11D51910500455550 /* 100_SameTree.swift */,
				0E3C7E391D54431100D6550A /* 102_BinaryTreeLevelOrderTraversal.swift */,
				0ED7FD571D52E41400EF082B /* 104_MaximumDepthOfBinaryTree.swift */,
				0E91413E1D5596D600C4CEFC /* 110_BalancedBinaryTree.swift */,
				0ED7FD551D52C51300EF082B /* 111_MinimumDepthOfBinaryTree.swift */,
				0EE20BA31D51AA5800455550 /* 226_InvertBinaryTree.swift */,
				0E3C7E371D542BB200D6550A /* 337_HouseRobberIII.swift */,
			);
			path = Tree;
			sourceTree = "<group>";
		};
		0EEDD4BD1C3F634500F94031 /* Sources */ = {
			isa = PBXGroup;
			children = (
				0EE20B9F1D51908A00455550 /* Leetcode */,
				0E5112D31CCC6C2500948DC0 /* Helper.swift */,
				0E5112D41CCC6C2500948DC0 /* Search.swift */,
				0E5112D51CCC6C2500948DC0 /* ThirtyDaysOfCodeChallenges.swift */,
				0EEDD4BE1C3F635A00F94031 /* DynamicProgramming.swift */,
				0EEDD4BF1C3F635A00F94031 /* HackerRankKit.swift */,
				0EEDD4C01C3F635A00F94031 /* Implementation.swift */,
				0EEDD4C11C3F635A00F94031 /* IndeedPrime.swift */,
				0EEDD4C21C3F635A00F94031 /* Strings.swift */,
				0EEDD4C31C3F635A00F94031 /* ZenefitsContest.swift */,
				0E2DFC351C604E9200644A7B /* Int+HRSwift.swift */,
			);
			name = Sources;
			sourceTree = "<group>";
		};
/* End PBXGroup section */

/* Begin PBXNativeTarget section */
		0E5741861C001FAF004EB0FA /* HRSwift */ = {
			isa = PBXNativeTarget;
			buildConfigurationList = 0E5741AF1C001FAF004EB0FA /* Build configuration list for PBXNativeTarget "HRSwift" */;
			buildPhases = (
				0E5741831C001FAF004EB0FA /* Sources */,
				0E5741841C001FAF004EB0FA /* Frameworks */,
				0E5741851C001FAF004EB0FA /* Resources */,
			);
			buildRules = (
			);
			dependencies = (
			);
			name = HRSwift;
			productName = HRSwift;
			productReference = 0E5741871C001FAF004EB0FA /* HRSwift.app */;
			productType = "com.apple.product-type.application";
		};
		0E57419A1C001FAF004EB0FA /* HRSwiftTests */ = {
			isa = PBXNativeTarget;
			buildConfigurationList = 0E5741B21C001FAF004EB0FA /* Build configuration list for PBXNativeTarget "HRSwiftTests" */;
			buildPhases = (
				0E5741971C001FAF004EB0FA /* Sources */,
				0E5741981C001FAF004EB0FA /* Frameworks */,
				0E5741991C001FAF004EB0FA /* Resources */,
			);
			buildRules = (
			);
			dependencies = (
				0E57419D1C001FAF004EB0FA /* PBXTargetDependency */,
			);
			name = HRSwiftTests;
			productName = HRSwiftTests;
			productReference = 0E57419B1C001FAF004EB0FA /* HRSwiftTests.xctest */;
			productType = "com.apple.product-type.bundle.unit-test";
		};
		0E5741A51C001FAF004EB0FA /* HRSwiftUITests */ = {
			isa = PBXNativeTarget;
			buildConfigurationList = 0E5741B51C001FAF004EB0FA /* Build configuration list for PBXNativeTarget "HRSwiftUITests" */;
			buildPhases = (
				0E5741A21C001FAF004EB0FA /* Sources */,
				0E5741A31C001FAF004EB0FA /* Frameworks */,
				0E5741A41C001FAF004EB0FA /* Resources */,
			);
			buildRules = (
			);
			dependencies = (
				0E5741A81C001FAF004EB0FA /* PBXTargetDependency */,
			);
			name = HRSwiftUITests;
			productName = HRSwiftUITests;
			productReference = 0E5741A61C001FAF004EB0FA /* HRSwiftUITests.xctest */;
			productType = "com.apple.product-type.bundle.ui-testing";
		};
/* End PBXNativeTarget section */

/* Begin PBXProject section */
		0E57417F1C001FAF004EB0FA /* Project object */ = {
			isa = PBXProject;
			attributes = {
				LastSwiftUpdateCheck = 0710;
				LastUpgradeCheck = 0710;
				ORGANIZATIONNAME = "yansong li";
				TargetAttributes = {
					0E5741861C001FAF004EB0FA = {
						CreatedOnToolsVersion = 7.1;
					};
					0E57419A1C001FAF004EB0FA = {
						CreatedOnToolsVersion = 7.1;
						TestTargetID = 0E5741861C001FAF004EB0FA;
					};
					0E5741A51C001FAF004EB0FA = {
						CreatedOnToolsVersion = 7.1;
						TestTargetID = 0E5741861C001FAF004EB0FA;
					};
				};
			};
			buildConfigurationList = 0E5741821C001FAF004EB0FA /* Build configuration list for PBXProject "HRSwift" */;
			compatibilityVersion = "Xcode 3.2";
			developmentRegion = English;
			hasScannedForEncodings = 0;
			knownRegions = (
				en,
				Base,
			);
			mainGroup = 0E57417E1C001FAF004EB0FA;
			productRefGroup = 0E5741881C001FAF004EB0FA /* Products */;
			projectDirPath = "";
			projectRoot = "";
			targets = (
				0E5741861C001FAF004EB0FA /* HRSwift */,
				0E57419A1C001FAF004EB0FA /* HRSwiftTests */,
				0E5741A51C001FAF004EB0FA /* HRSwiftUITests */,
			);
		};
/* End PBXProject section */

/* Begin PBXResourcesBuildPhase section */
		0E5741851C001FAF004EB0FA /* Resources */ = {
			isa = PBXResourcesBuildPhase;
			buildActionMask = 2147483647;
			files = (
				0E5741951C001FAF004EB0FA /* LaunchScreen.storyboard in Resources */,
				0E5741921C001FAF004EB0FA /* Assets.xcassets in Resources */,
				0E55254E1CD525A000942AD2 /* missnumberinput.txt in Resources */,
				0E6F18021CCCA49F00FDE043 /* input10.txt in Resources */,
				0E6F18031CCCA49F00FDE043 /* output10.txt in Resources */,
				0E5525501CD5280800942AD2 /* misstest1.txt in Resources */,
				0E5741901C001FAF004EB0FA /* Main.storyboard in Resources */,
			);
			runOnlyForDeploymentPostprocessing = 0;
		};
		0E5741991C001FAF004EB0FA /* Resources */ = {
			isa = PBXResourcesBuildPhase;
			buildActionMask = 2147483647;
			files = (
			);
			runOnlyForDeploymentPostprocessing = 0;
		};
		0E5741A41C001FAF004EB0FA /* Resources */ = {
			isa = PBXResourcesBuildPhase;
			buildActionMask = 2147483647;
			files = (
			);
			runOnlyForDeploymentPostprocessing = 0;
		};
/* End PBXResourcesBuildPhase section */

/* Begin PBXSourcesBuildPhase section */
		0E5741831C001FAF004EB0FA /* Sources */ = {
			isa = PBXSourcesBuildPhase;
			buildActionMask = 2147483647;
			files = (
				0E91413F1D5596D600C4CEFC /* 110_BalancedBinaryTree.swift in Sources */,
				0E5112D61CCC6C2500948DC0 /* Helper.swift in Sources */,
				0EEDD4C91C3F635A00F94031 /* ZenefitsContest.swift in Sources */,
				0ED7FD561D52C51300EF082B /* 111_MinimumDepthOfBinaryTree.swift in Sources */,
				0EEDD4C71C3F635A00F94031 /* IndeedPrime.swift in Sources */,
				0EE20BA41D51AA5800455550 /* 226_InvertBinaryTree.swift in Sources */,
				0EEDD4C61C3F635A00F94031 /* Implementation.swift in Sources */,
				0E3C7E381D542BB200D6550A /* 337_HouseRobberIII.swift in Sources */,
				0ED7FD581D52E41400EF082B /* 104_MaximumDepthOfBinaryTree.swift in Sources */,
				0E5112D81CCC6C2500948DC0 /* ThirtyDaysOfCodeChallenges.swift in Sources */,
				0E57418D1C001FAF004EB0FA /* ViewController.swift in Sources */,
				0EEDD4C41C3F635A00F94031 /* DynamicProgramming.swift in Sources */,
				0EE20BA21D51910500455550 /* 100_SameTree.swift in Sources */,
				0E57418B1C001FAF004EB0FA /* AppDelegate.swift in Sources */,
				0E3C7E3A1D54431100D6550A /* 102_BinaryTreeLevelOrderTraversal.swift in Sources */,
				0EEDD4C51C3F635A00F94031 /* HackerRankKit.swift in Sources */,
				0E54009D1D5419340095128B /* LeetCodeKit.swift in Sources */,
				0E2DFC361C604E9200644A7B /* Int+HRSwift.swift in Sources */,
				0E5112D71CCC6C2500948DC0 /* Search.swift in Sources */,
				0E9AC3521C65B0B0001DE1B6 /* GoogleInterviewQuestions.swift in Sources */,
				0EEDD4C81C3F635A00F94031 /* Strings.swift in Sources */,
			);
			runOnlyForDeploymentPostprocessing = 0;
		};
		0E5741971C001FAF004EB0FA /* Sources */ = {
			isa = PBXSourcesBuildPhase;
			buildActionMask = 2147483647;
			files = (
				0E5741A01C001FAF004EB0FA /* HRSwiftTests.swift in Sources */,
			);
			runOnlyForDeploymentPostprocessing = 0;
		};
		0E5741A21C001FAF004EB0FA /* Sources */ = {
			isa = PBXSourcesBuildPhase;
			buildActionMask = 2147483647;
			files = (
				0E5741AB1C001FAF004EB0FA /* HRSwiftUITests.swift in Sources */,
			);
			runOnlyForDeploymentPostprocessing = 0;
		};
/* End PBXSourcesBuildPhase section */

/* Begin PBXTargetDependency section */
		0E57419D1C001FAF004EB0FA /* PBXTargetDependency */ = {
			isa = PBXTargetDependency;
			target = 0E5741861C001FAF004EB0FA /* HRSwift */;
			targetProxy = 0E57419C1C001FAF004EB0FA /* PBXContainerItemProxy */;
		};
		0E5741A81C001FAF004EB0FA /* PBXTargetDependency */ = {
			isa = PBXTargetDependency;
			target = 0E5741861C001FAF004EB0FA /* HRSwift */;
			targetProxy = 0E5741A71C001FAF004EB0FA /* PBXContainerItemProxy */;
		};
/* End PBXTargetDependency section */

/* Begin PBXVariantGroup section */
		0E57418E1C001FAF004EB0FA /* Main.storyboard */ = {
			isa = PBXVariantGroup;
			children = (
				0E57418F1C001FAF004EB0FA /* Base */,
			);
			name = Main.storyboard;
			sourceTree = "<group>";
		};
		0E5741931C001FAF004EB0FA /* LaunchScreen.storyboard */ = {
			isa = PBXVariantGroup;
			children = (
				0E5741941C001FAF004EB0FA /* Base */,
			);
			name = LaunchScreen.storyboard;
			sourceTree = "<group>";
		};
/* End PBXVariantGroup section */

/* Begin XCBuildConfiguration section */
		0E5741AD1C001FAF004EB0FA /* Debug */ = {
			isa = XCBuildConfiguration;
			buildSettings = {
				ALWAYS_SEARCH_USER_PATHS = NO;
				CLANG_CXX_LANGUAGE_STANDARD = "gnu++0x";
				CLANG_CXX_LIBRARY = "libc++";
				CLANG_ENABLE_MODULES = YES;
				CLANG_ENABLE_OBJC_ARC = YES;
				CLANG_WARN_BOOL_CONVERSION = YES;
				CLANG_WARN_CONSTANT_CONVERSION = YES;
				CLANG_WARN_DIRECT_OBJC_ISA_USAGE = YES_ERROR;
				CLANG_WARN_EMPTY_BODY = YES;
				CLANG_WARN_ENUM_CONVERSION = YES;
				CLANG_WARN_INT_CONVERSION = YES;
				CLANG_WARN_OBJC_ROOT_CLASS = YES_ERROR;
				CLANG_WARN_UNREACHABLE_CODE = YES;
				CLANG_WARN__DUPLICATE_METHOD_MATCH = YES;
				"CODE_SIGN_IDENTITY[sdk=iphoneos*]" = "iPhone Developer";
				COPY_PHASE_STRIP = NO;
				DEBUG_INFORMATION_FORMAT = dwarf;
				ENABLE_STRICT_OBJC_MSGSEND = YES;
				ENABLE_TESTABILITY = YES;
				GCC_C_LANGUAGE_STANDARD = gnu99;
				GCC_DYNAMIC_NO_PIC = NO;
				GCC_NO_COMMON_BLOCKS = YES;
				GCC_OPTIMIZATION_LEVEL = 0;
				GCC_PREPROCESSOR_DEFINITIONS = (
					"DEBUG=1",
					"$(inherited)",
				);
				GCC_WARN_64_TO_32_BIT_CONVERSION = YES;
				GCC_WARN_ABOUT_RETURN_TYPE = YES_ERROR;
				GCC_WARN_UNDECLARED_SELECTOR = YES;
				GCC_WARN_UNINITIALIZED_AUTOS = YES_AGGRESSIVE;
				GCC_WARN_UNUSED_FUNCTION = YES;
				GCC_WARN_UNUSED_VARIABLE = YES;
				IPHONEOS_DEPLOYMENT_TARGET = 9.1;
				MTL_ENABLE_DEBUG_INFO = YES;
				ONLY_ACTIVE_ARCH = YES;
				SDKROOT = iphoneos;
				SWIFT_OPTIMIZATION_LEVEL = "-Onone";
				TARGETED_DEVICE_FAMILY = "1,2";
			};
			name = Debug;
		};
		0E5741AE1C001FAF004EB0FA /* Release */ = {
			isa = XCBuildConfiguration;
			buildSettings = {
				ALWAYS_SEARCH_USER_PATHS = NO;
				CLANG_CXX_LANGUAGE_STANDARD = "gnu++0x";
				CLANG_CXX_LIBRARY = "libc++";
				CLANG_ENABLE_MODULES = YES;
				CLANG_ENABLE_OBJC_ARC = YES;
				CLANG_WARN_BOOL_CONVERSION = YES;
				CLANG_WARN_CONSTANT_CONVERSION = YES;
				CLANG_WARN_DIRECT_OBJC_ISA_USAGE = YES_ERROR;
				CLANG_WARN_EMPTY_BODY = YES;
				CLANG_WARN_ENUM_CONVERSION = YES;
				CLANG_WARN_INT_CONVERSION = YES;
				CLANG_WARN_OBJC_ROOT_CLASS = YES_ERROR;
				CLANG_WARN_UNREACHABLE_CODE = YES;
				CLANG_WARN__DUPLICATE_METHOD_MATCH = YES;
				"CODE_SIGN_IDENTITY[sdk=iphoneos*]" = "iPhone Developer";
				COPY_PHASE_STRIP = NO;
				DEBUG_INFORMATION_FORMAT = "dwarf-with-dsym";
				ENABLE_NS_ASSERTIONS = NO;
				ENABLE_STRICT_OBJC_MSGSEND = YES;
				GCC_C_LANGUAGE_STANDARD = gnu99;
				GCC_NO_COMMON_BLOCKS = YES;
				GCC_WARN_64_TO_32_BIT_CONVERSION = YES;
				GCC_WARN_ABOUT_RETURN_TYPE = YES_ERROR;
				GCC_WARN_UNDECLARED_SELECTOR = YES;
				GCC_WARN_UNINITIALIZED_AUTOS = YES_AGGRESSIVE;
				GCC_WARN_UNUSED_FUNCTION = YES;
				GCC_WARN_UNUSED_VARIABLE = YES;
				IPHONEOS_DEPLOYMENT_TARGET = 9.1;
				MTL_ENABLE_DEBUG_INFO = NO;
				SDKROOT = iphoneos;
				TARGETED_DEVICE_FAMILY = "1,2";
				VALIDATE_PRODUCT = YES;
			};
			name = Release;
		};
		0E5741B01C001FAF004EB0FA /* Debug */ = {
			isa = XCBuildConfiguration;
			buildSettings = {
				ASSETCATALOG_COMPILER_APPICON_NAME = AppIcon;
				INFOPLIST_FILE = HRSwift/Info.plist;
				IPHONEOS_DEPLOYMENT_TARGET = 9.0;
				LD_RUNPATH_SEARCH_PATHS = "$(inherited) @executable_path/Frameworks";
				PRODUCT_BUNDLE_IDENTIFIER = com.yansong.HRSwift;
				PRODUCT_NAME = "$(TARGET_NAME)";
			};
			name = Debug;
		};
		0E5741B11C001FAF004EB0FA /* Release */ = {
			isa = XCBuildConfiguration;
			buildSettings = {
				ASSETCATALOG_COMPILER_APPICON_NAME = AppIcon;
				INFOPLIST_FILE = HRSwift/Info.plist;
				IPHONEOS_DEPLOYMENT_TARGET = 9.0;
				LD_RUNPATH_SEARCH_PATHS = "$(inherited) @executable_path/Frameworks";
				PRODUCT_BUNDLE_IDENTIFIER = com.yansong.HRSwift;
				PRODUCT_NAME = "$(TARGET_NAME)";
			};
			name = Release;
		};
		0E5741B31C001FAF004EB0FA /* Debug */ = {
			isa = XCBuildConfiguration;
			buildSettings = {
				BUNDLE_LOADER = "$(TEST_HOST)";
				INFOPLIST_FILE = HRSwiftTests/Info.plist;
				LD_RUNPATH_SEARCH_PATHS = "$(inherited) @executable_path/Frameworks @loader_path/Frameworks";
				PRODUCT_BUNDLE_IDENTIFIER = com.yansong.HRSwiftTests;
				PRODUCT_NAME = "$(TARGET_NAME)";
				TEST_HOST = "$(BUILT_PRODUCTS_DIR)/HRSwift.app/HRSwift";
			};
			name = Debug;
		};
		0E5741B41C001FAF004EB0FA /* Release */ = {
			isa = XCBuildConfiguration;
			buildSettings = {
				BUNDLE_LOADER = "$(TEST_HOST)";
				INFOPLIST_FILE = HRSwiftTests/Info.plist;
				LD_RUNPATH_SEARCH_PATHS = "$(inherited) @executable_path/Frameworks @loader_path/Frameworks";
				PRODUCT_BUNDLE_IDENTIFIER = com.yansong.HRSwiftTests;
				PRODUCT_NAME = "$(TARGET_NAME)";
				TEST_HOST = "$(BUILT_PRODUCTS_DIR)/HRSwift.app/HRSwift";
			};
			name = Release;
		};
		0E5741B61C001FAF004EB0FA /* Debug */ = {
			isa = XCBuildConfiguration;
			buildSettings = {
				INFOPLIST_FILE = HRSwiftUITests/Info.plist;
				LD_RUNPATH_SEARCH_PATHS = "$(inherited) @executable_path/Frameworks @loader_path/Frameworks";
				PRODUCT_BUNDLE_IDENTIFIER = com.yansong.HRSwiftUITests;
				PRODUCT_NAME = "$(TARGET_NAME)";
				TEST_TARGET_NAME = HRSwift;
				USES_XCTRUNNER = YES;
			};
			name = Debug;
		};
		0E5741B71C001FAF004EB0FA /* Release */ = {
			isa = XCBuildConfiguration;
			buildSettings = {
				INFOPLIST_FILE = HRSwiftUITests/Info.plist;
				LD_RUNPATH_SEARCH_PATHS = "$(inherited) @executable_path/Frameworks @loader_path/Frameworks";
				PRODUCT_BUNDLE_IDENTIFIER = com.yansong.HRSwiftUITests;
				PRODUCT_NAME = "$(TARGET_NAME)";
				TEST_TARGET_NAME = HRSwift;
				USES_XCTRUNNER = YES;
			};
			name = Release;
		};
/* End XCBuildConfiguration section */

/* Begin XCConfigurationList section */
		0E5741821C001FAF004EB0FA /* Build configuration list for PBXProject "HRSwift" */ = {
			isa = XCConfigurationList;
			buildConfigurations = (
				0E5741AD1C001FAF004EB0FA /* Debug */,
				0E5741AE1C001FAF004EB0FA /* Release */,
			);
			defaultConfigurationIsVisible = 0;
			defaultConfigurationName = Release;
		};
		0E5741AF1C001FAF004EB0FA /* Build configuration list for PBXNativeTarget "HRSwift" */ = {
			isa = XCConfigurationList;
			buildConfigurations = (
				0E5741B01C001FAF004EB0FA /* Debug */,
				0E5741B11C001FAF004EB0FA /* Release */,
			);
			defaultConfigurationIsVisible = 0;
			defaultConfigurationName = Release;
		};
		0E5741B21C001FAF004EB0FA /* Build configuration list for PBXNativeTarget "HRSwiftTests" */ = {
			isa = XCConfigurationList;
			buildConfigurations = (
				0E5741B31C001FAF004EB0FA /* Debug */,
				0E5741B41C001FAF004EB0FA /* Release */,
			);
			defaultConfigurationIsVisible = 0;
			defaultConfigurationName = Release;
		};
		0E5741B51C001FAF004EB0FA /* Build configuration list for PBXNativeTarget "HRSwiftUITests" */ = {
			isa = XCConfigurationList;
			buildConfigurations = (
				0E5741B61C001FAF004EB0FA /* Debug */,
				0E5741B71C001FAF004EB0FA /* Release */,
			);
			defaultConfigurationIsVisible = 0;
			defaultConfigurationName = Release;
		};
/* End XCConfigurationList section */
	};
	rootObject = 0E57417F1C001FAF004EB0FA /* Project object */;
}
